
Microsoft Visual Studio Solution File, Format Version 12.00
# Visual Studio Version 17
VisualStudioVersion = 17.0.31903.59
MinimumVisualStudioVersion = 10.0.40219.1
Project("{2150E333-8FDC-42A3-9474-1A3956D46DE8}") = "src", "src", "{827E0CD3-B72D-47B6-A68D-7590B98EB39B}"
EndProject
Project("{FAE04EC0-301F-11D3-BF4B-00C04F79EFBC}") = "BayiPortal.Core", "src\BayiPortal.Core\BayiPortal.Core.csproj", "{06018CCA-4364-4D42-BB5F-BAA645A9536C}"
EndProject
Project("{FAE04EC0-301F-11D3-BF4B-00C04F79EFBC}") = "BayiPortal.Application", "src\BayiPortal.Application\BayiPortal.Application.csproj", "{B9DFBA1C-7FE1-4CAA-A930-CFAD238F0B3D}"
EndProject
Project("{FAE04EC0-301F-11D3-BF4B-00C04F79EFBC}") = "BayiPortal.Infrastructure", "src\BayiPortal.Infrastructure\BayiPortal.Infrastructure.csproj", "{47F5C163-0072-450D-875A-02ECE8E91104}"
EndProject
Project("{FAE04EC0-301F-11D3-BF4B-00C04F79EFBC}") = "BayiPortal.API", "src\BayiPortal.API\BayiPortal.API.csproj", "{9C7E39C4-0881-45AD-90CB-67A32A8E1282}"
EndProject
Global
	GlobalSection(SolutionConfigurationPlatforms) = preSolution
		Debug|Any CPU = Debug|Any CPU
		Debug|x64 = Debug|x64
		Debug|x86 = Debug|x86
		Release|Any CPU = Release|Any CPU
		Release|x64 = Release|x64
		Release|x86 = Release|x86
	EndGlobalSection
	GlobalSection(ProjectConfigurationPlatforms) = postSolution
		{06018CCA-4364-4D42-BB5F-BAA645A9536C}.Debug|Any CPU.ActiveCfg = Debug|Any CPU
		{06018CCA-4364-4D42-BB5F-BAA645A9536C}.Debug|Any CPU.Build.0 = Debug|Any CPU
		{06018CCA-4364-4D42-BB5F-BAA645A9536C}.Debug|x64.ActiveCfg = Debug|Any CPU
		{06018CCA-4364-4D42-BB5F-BAA645A9536C}.Debug|x64.Build.0 = Debug|Any CPU
		{06018CCA-4364-4D42-BB5F-BAA645A9536C}.Debug|x86.ActiveCfg = Debug|Any CPU
		{06018CCA-4364-4D42-BB5F-BAA645A9536C}.Debug|x86.Build.0 = Debug|Any CPU
		{06018CCA-4364-4D42-BB5F-BAA645A9536C}.Release|Any CPU.ActiveCfg = Release|Any CPU
		{06018CCA-4364-4D42-BB5F-BAA645A9536C}.Release|Any CPU.Build.0 = Release|Any CPU
		{06018CCA-4364-4D42-BB5F-BAA645A9536C}.Release|x64.ActiveCfg = Release|Any CPU
		{06018CCA-4364-4D42-BB5F-BAA645A9536C}.Release|x64.Build.0 = Release|Any CPU
		{06018CCA-4364-4D42-BB5F-BAA645A9536C}.Release|x86.ActiveCfg = Release|Any CPU
		{06018CCA-4364-4D42-BB5F-BAA645A9536C}.Release|x86.Build.0 = Release|Any CPU
		{B9DFBA1C-7FE1-4CAA-A930-CFAD238F0B3D}.Debug|Any CPU.ActiveCfg = Debug|Any CPU
		{B9DFBA1C-7FE1-4CAA-A930-CFAD238F0B3D}.Debug|Any CPU.Build.0 = Debug|Any CPU
		{B9DFBA1C-7FE1-4CAA-A930-CFAD238F0B3D}.Debug|x64.ActiveCfg = Debug|Any CPU
		{B9DFBA1C-7FE1-4CAA-A930-CFAD238F0B3D}.Debug|x64.Build.0 = Debug|Any CPU
		{B9DFBA1C-7FE1-4CAA-A930-CFAD238F0B3D}.Debug|x86.ActiveCfg = Debug|Any CPU
		{B9DFBA1C-7FE1-4CAA-A930-CFAD238F0B3D}.Debug|x86.Build.0 = Debug|Any CPU
		{B9DFBA1C-7FE1-4CAA-A930-CFAD238F0B3D}.Release|Any CPU.ActiveCfg = Release|Any CPU
		{B9DFBA1C-7FE1-4CAA-A930-CFAD238F0B3D}.Release|Any CPU.Build.0 = Release|Any CPU
		{B9DFBA1C-7FE1-4CAA-A930-CFAD238F0B3D}.Release|x64.ActiveCfg = Release|Any CPU
		{B9DFBA1C-7FE1-4CAA-A930-CFAD238F0B3D}.Release|x64.Build.0 = Release|Any CPU
		{B9DFBA1C-7FE1-4CAA-A930-CFAD238F0B3D}.Release|x86.ActiveCfg = Release|Any CPU
		{B9DFBA1C-7FE1-4CAA-A930-CFAD238F0B3D}.Release|x86.Build.0 = Release|Any CPU
		{47F5C163-0072-450D-875A-02ECE8E91104}.Debug|Any CPU.ActiveCfg = Debug|Any CPU
		{47F5C163-0072-450D-875A-02ECE8E91104}.Debug|Any CPU.Build.0 = Debug|Any CPU
		{47F5C163-0072-450D-875A-02ECE8E91104}.Debug|x64.ActiveCfg = Debug|Any CPU
		{47F5C163-0072-450D-875A-02ECE8E91104}.Debug|x64.Build.0 = Debug|Any CPU
		{47F5C163-0072-450D-875A-02ECE8E91104}.Debug|x86.ActiveCfg = Debug|Any CPU
		{47F5C163-0072-450D-875A-02ECE8E91104}.Debug|x86.Build.0 = Debug|Any CPU
		{47F5C163-0072-450D-875A-02ECE8E91104}.Release|Any CPU.ActiveCfg = Release|Any CPU
		{47F5C163-0072-450D-875A-02ECE8E91104}.Release|Any CPU.Build.0 = Release|Any CPU
		{47F5C163-0072-450D-875A-02ECE8E91104}.Release|x64.ActiveCfg = Release|Any CPU
		{47F5C163-0072-450D-875A-02ECE8E91104}.Release|x64.Build.0 = Release|Any CPU
		{47F5C163-0072-450D-875A-02ECE8E91104}.Release|x86.ActiveCfg = Release|Any CPU
		{47F5C163-0072-450D-875A-02ECE8E91104}.Release|x86.Build.0 = Release|Any CPU
		{9C7E39C4-0881-45AD-90CB-67A32A8E1282}.Debug|Any CPU.ActiveCfg = Debug|Any CPU
		{9C7E39C4-0881-45AD-90CB-67A32A8E1282}.Debug|Any CPU.Build.0 = Debug|Any CPU
		{9C7E39C4-0881-45AD-90CB-67A32A8E1282}.Debug|x64.ActiveCfg = Debug|Any CPU
		{9C7E39C4-0881-45AD-90CB-67A32A8E1282}.Debug|x64.Build.0 = Debug|Any CPU
		{9C7E39C4-0881-45AD-90CB-67A32A8E1282}.Debug|x86.ActiveCfg = Debug|Any CPU
		{9C7E39C4-0881-45AD-90CB-67A32A8E1282}.Debug|x86.Build.0 = Debug|Any CPU
		{9C7E39C4-0881-45AD-90CB-67A32A8E1282}.Release|Any CPU.ActiveCfg = Release|Any CPU
		{9C7E39C4-0881-45AD-90CB-67A32A8E1282}.Release|Any CPU.Build.0 = Release|Any CPU
		{9C7E39C4-0881-45AD-90CB-67A32A8E1282}.Release|x64.ActiveCfg = Release|Any CPU
		{9C7E39C4-0881-45AD-90CB-67A32A8E1282}.Release|x64.Build.0 = Release|Any CPU
		{9C7E39C4-0881-45AD-90CB-67A32A8E1282}.Release|x86.ActiveCfg = Release|Any CPU
		{9C7E39C4-0881-45AD-90CB-67A32A8E1282}.Release|x86.Build.0 = Release|Any CPU
	EndGlobalSection
	GlobalSection(SolutionProperties) = preSolution
		HideSolutionNode = FALSE
	EndGlobalSection
	GlobalSection(NestedProjects) = preSolution
		{06018CCA-4364-4D42-BB5F-BAA645A9536C} = {827E0CD3-B72D-47B6-A68D-7590B98EB39B}
		{B9DFBA1C-7FE1-4CAA-A930-CFAD238F0B3D} = {827E0CD3-B72D-47B6-A68D-7590B98EB39B}
		{47F5C163-0072-450D-875A-02ECE8E91104} = {827E0CD3-B72D-47B6-A68D-7590B98EB39B}
		{9C7E39C4-0881-45AD-90CB-67A32A8E1282} = {827E0CD3-B72D-47B6-A68D-7590B98EB39B}
	EndGlobalSection
EndGlobal
